// !$*UTF8*$!
{
	archiveVersion = 1;
	classes = {
	};
	objectVersion = 55;
	objects = {

/* Begin PBXBuildFile section */
		24EA40A427EC2EF3009009FA /* AppDelegate.swift in Sources */ = {isa = PBXBuildFile; fileRef = 24EA40A327EC2EF3009009FA /* AppDelegate.swift */; };
		24EA40A827EC2EF3009009FA /* LoginViewController.swift in Sources */ = {isa = PBXBuildFile; fileRef = 24EA40A727EC2EF3009009FA /* LoginViewController.swift */; };
		24EA40AD27EC2EFA009009FA /* Assets.xcassets in Resources */ = {isa = PBXBuildFile; fileRef = 24EA40AC27EC2EFA009009FA /* Assets.xcassets */; };
		24EA40B027EC2EFA009009FA /* LaunchScreen.storyboard in Resources */ = {isa = PBXBuildFile; fileRef = 24EA40AE27EC2EFA009009FA /* LaunchScreen.storyboard */; };
		24EA40BA27EC328F009009FA /* LoginView.swift in Sources */ = {isa = PBXBuildFile; fileRef = 24EA40B927EC328F009009FA /* LoginView.swift */; };
		24EA40BE27ED1A61009009FA /* OnboardingViewController.swift in Sources */ = {isa = PBXBuildFile; fileRef = 24EA40BD27ED1A61009009FA /* OnboardingViewController.swift */; };
		24EA40C027ED245F009009FA /* OnboardingPageViewController.swift in Sources */ = {isa = PBXBuildFile; fileRef = 24EA40BF27ED245F009009FA /* OnboardingPageViewController.swift */; };
		24EA40C227ED741A009009FA /* DummyViewController.swift in Sources */ = {isa = PBXBuildFile; fileRef = 24EA40C127ED741A009009FA /* DummyViewController.swift */; };
		24EA40C527ED89BF009009FA /* LocalState.swift in Sources */ = {isa = PBXBuildFile; fileRef = 24EA40C427ED89BF009009FA /* LocalState.swift */; };
		24EA40C727ED957D009009FA /* UIViewController+Utils.swift in Sources */ = {isa = PBXBuildFile; fileRef = 24EA40C627ED957C009009FA /* UIViewController+Utils.swift */; };
		24EA40CB27ED975E009009FA /* MainViewController.swift in Sources */ = {isa = PBXBuildFile; fileRef = 24EA40CA27ED975E009009FA /* MainViewController.swift */; };
		24EA40CE27EDA636009009FA /* AccountSummaryViewController.swift in Sources */ = {isa = PBXBuildFile; fileRef = 24EA40CD27EDA636009009FA /* AccountSummaryViewController.swift */; };
		24EA40D027EDA8E5009009FA /* AccountSummaryHeaderView.swift in Sources */ = {isa = PBXBuildFile; fileRef = 24EA40CF27EDA8E5009009FA /* AccountSummaryHeaderView.swift */; };
		24EA40D227EDA8F3009009FA /* AccountSummaryHeaderView.xib in Resources */ = {isa = PBXBuildFile; fileRef = 24EA40D127EDA8F2009009FA /* AccountSummaryHeaderView.xib */; };
		24EA40D627EDBA6B009009FA /* AccountSummaryCell.swift in Sources */ = {isa = PBXBuildFile; fileRef = 24EA40D527EDBA6B009009FA /* AccountSummaryCell.swift */; };
		24EA40D827EDCAA9009009FA /* CurrencyFormatter.swift in Sources */ = {isa = PBXBuildFile; fileRef = 24EA40D727EDCAA9009009FA /* CurrencyFormatter.swift */; };
		24EA40DA27EDD028009009FA /* Decimal+Utils.swift in Sources */ = {isa = PBXBuildFile; fileRef = 24EA40D927EDD028009009FA /* Decimal+Utils.swift */; };
		24EA410B27EEC559009009FA /* CurrencyFormatterTests.swift in Sources */ = {isa = PBXBuildFile; fileRef = 24EA410A27EEC559009009FA /* CurrencyFormatterTests.swift */; };
		24EA410D27EED46C009009FA /* NSNotificationName.swift in Sources */ = {isa = PBXBuildFile; fileRef = 24EA410C27EED46C009009FA /* NSNotificationName.swift */; };
		24EA410F27EED633009009FA /* UITextField+SecureToggle.swift in Sources */ = {isa = PBXBuildFile; fileRef = 24EA410E27EED633009009FA /* UITextField+SecureToggle.swift */; };
/* End PBXBuildFile section */

/* Begin PBXContainerItemProxy section */
		24EA410527EEC53E009009FA /* PBXContainerItemProxy */ = {
			isa = PBXContainerItemProxy;
			containerPortal = 24EA409827EC2EF2009009FA /* Project object */;
			proxyType = 1;
			remoteGlobalIDString = 24EA409F27EC2EF3009009FA;
			remoteInfo = Bankey;
		};
/* End PBXContainerItemProxy section */

/* Begin PBXFileReference section */
		24EA40A027EC2EF3009009FA /* Bankey.app */ = {isa = PBXFileReference; explicitFileType = wrapper.application; includeInIndex = 0; path = Bankey.app; sourceTree = BUILT_PRODUCTS_DIR; };
		24EA40A327EC2EF3009009FA /* AppDelegate.swift */ = {isa = PBXFileReference; lastKnownFileType = sourcecode.swift; path = AppDelegate.swift; sourceTree = "<group>"; };
		24EA40A727EC2EF3009009FA /* LoginViewController.swift */ = {isa = PBXFileReference; lastKnownFileType = sourcecode.swift; path = LoginViewController.swift; sourceTree = "<group>"; };
		24EA40AC27EC2EFA009009FA /* Assets.xcassets */ = {isa = PBXFileReference; lastKnownFileType = folder.assetcatalog; path = Assets.xcassets; sourceTree = "<group>"; };
		24EA40AF27EC2EFA009009FA /* Base */ = {isa = PBXFileReference; lastKnownFileType = file.storyboard; name = Base; path = Base.lproj/LaunchScreen.storyboard; sourceTree = "<group>"; };
		24EA40B127EC2EFA009009FA /* Info.plist */ = {isa = PBXFileReference; lastKnownFileType = text.plist.xml; path = Info.plist; sourceTree = "<group>"; };
		24EA40B927EC328F009009FA /* LoginView.swift */ = {isa = PBXFileReference; lastKnownFileType = sourcecode.swift; path = LoginView.swift; sourceTree = "<group>"; };
		24EA40BD27ED1A61009009FA /* OnboardingViewController.swift */ = {isa = PBXFileReference; lastKnownFileType = sourcecode.swift; path = OnboardingViewController.swift; sourceTree = "<group>"; };
		24EA40BF27ED245F009009FA /* OnboardingPageViewController.swift */ = {isa = PBXFileReference; lastKnownFileType = sourcecode.swift; path = OnboardingPageViewController.swift; sourceTree = "<group>"; };
		24EA40C127ED741A009009FA /* DummyViewController.swift */ = {isa = PBXFileReference; lastKnownFileType = sourcecode.swift; path = DummyViewController.swift; sourceTree = "<group>"; };
		24EA40C427ED89BF009009FA /* LocalState.swift */ = {isa = PBXFileReference; lastKnownFileType = sourcecode.swift; path = LocalState.swift; sourceTree = "<group>"; };
		24EA40C627ED957C009009FA /* UIViewController+Utils.swift */ = {isa = PBXFileReference; lastKnownFileType = sourcecode.swift; path = "UIViewController+Utils.swift"; sourceTree = "<group>"; };
		24EA40CA27ED975E009009FA /* MainViewController.swift */ = {isa = PBXFileReference; lastKnownFileType = sourcecode.swift; path = MainViewController.swift; sourceTree = "<group>"; };
		24EA40CD27EDA636009009FA /* AccountSummaryViewController.swift */ = {isa = PBXFileReference; lastKnownFileType = sourcecode.swift; path = AccountSummaryViewController.swift; sourceTree = "<group>"; };
		24EA40CF27EDA8E5009009FA /* AccountSummaryHeaderView.swift */ = {isa = PBXFileReference; lastKnownFileType = sourcecode.swift; path = AccountSummaryHeaderView.swift; sourceTree = "<group>"; };
		24EA40D127EDA8F2009009FA /* AccountSummaryHeaderView.xib */ = {isa = PBXFileReference; lastKnownFileType = file.xib; path = AccountSummaryHeaderView.xib; sourceTree = "<group>"; };
		24EA40D527EDBA6B009009FA /* AccountSummaryCell.swift */ = {isa = PBXFileReference; lastKnownFileType = sourcecode.swift; path = AccountSummaryCell.swift; sourceTree = "<group>"; };
		24EA40D727EDCAA9009009FA /* CurrencyFormatter.swift */ = {isa = PBXFileReference; lastKnownFileType = sourcecode.swift; path = CurrencyFormatter.swift; sourceTree = "<group>"; };
		24EA40D927EDD028009009FA /* Decimal+Utils.swift */ = {isa = PBXFileReference; lastKnownFileType = sourcecode.swift; path = "Decimal+Utils.swift"; sourceTree = "<group>"; };
		24EA410127EEC53E009009FA /* BankeyUnitTests.xctest */ = {isa = PBXFileReference; explicitFileType = wrapper.cfbundle; includeInIndex = 0; path = BankeyUnitTests.xctest; sourceTree = BUILT_PRODUCTS_DIR; };
		24EA410A27EEC559009009FA /* CurrencyFormatterTests.swift */ = {isa = PBXFileReference; lastKnownFileType = sourcecode.swift; path = CurrencyFormatterTests.swift; sourceTree = "<group>"; };
		24EA410C27EED46C009009FA /* NSNotificationName.swift */ = {isa = PBXFileReference; lastKnownFileType = sourcecode.swift; path = NSNotificationName.swift; sourceTree = "<group>"; };
		24EA410E27EED633009009FA /* UITextField+SecureToggle.swift */ = {isa = PBXFileReference; lastKnownFileType = sourcecode.swift; path = "UITextField+SecureToggle.swift"; sourceTree = "<group>"; };
/* End PBXFileReference section */

/* Begin PBXFrameworksBuildPhase section */
		24EA409D27EC2EF3009009FA /* Frameworks */ = {
			isa = PBXFrameworksBuildPhase;
			buildActionMask = 2147483647;
			files = (
			);
			runOnlyForDeploymentPostprocessing = 0;
		};
		24EA40FE27EEC53E009009FA /* Frameworks */ = {
			isa = PBXFrameworksBuildPhase;
			buildActionMask = 2147483647;
			files = (
			);
			runOnlyForDeploymentPostprocessing = 0;
		};
/* End PBXFrameworksBuildPhase section */

/* Begin PBXGroup section */
		24EA409727EC2EF2009009FA = {
			isa = PBXGroup;
			children = (
				24EA40A227EC2EF3009009FA /* Bankey */,
				24EA410227EEC53E009009FA /* BankeyUnitTests */,
				24EA40A127EC2EF3009009FA /* Products */,
			);
			sourceTree = "<group>";
		};
		24EA40A127EC2EF3009009FA /* Products */ = {
			isa = PBXGroup;
			children = (
				24EA40A027EC2EF3009009FA /* Bankey.app */,
				24EA410127EEC53E009009FA /* BankeyUnitTests.xctest */,
			);
			name = Products;
			sourceTree = "<group>";
		};
		24EA40A227EC2EF3009009FA /* Bankey */ = {
			isa = PBXGroup;
			children = (
				24EA40A327EC2EF3009009FA /* AppDelegate.swift */,
				24EA40CA27ED975E009009FA /* MainViewController.swift */,
				24EA40B827EC323D009009FA /* Login */,
				24EA40BC27ED1A16009009FA /* Onboarding */,
				24EA40CC27EDA5EC009009FA /* AccountSummary */,
				24EA40C327ED89A4009009FA /* Utility */,
				24EA40B727EC3207009009FA /* Files */,
			);
			path = Bankey;
			sourceTree = "<group>";
		};
		24EA40B727EC3207009009FA /* Files */ = {
			isa = PBXGroup;
			children = (
				24EA40AC27EC2EFA009009FA /* Assets.xcassets */,
				24EA40AE27EC2EFA009009FA /* LaunchScreen.storyboard */,
				24EA40B127EC2EFA009009FA /* Info.plist */,
			);
			name = Files;
			sourceTree = "<group>";
		};
		24EA40B827EC323D009009FA /* Login */ = {
			isa = PBXGroup;
			children = (
				24EA40A727EC2EF3009009FA /* LoginViewController.swift */,
				24EA40B927EC328F009009FA /* LoginView.swift */,
				24EA40C127ED741A009009FA /* DummyViewController.swift */,
			);
			path = Login;
			sourceTree = "<group>";
		};
		24EA40BC27ED1A16009009FA /* Onboarding */ = {
			isa = PBXGroup;
			children = (
				24EA40BD27ED1A61009009FA /* OnboardingViewController.swift */,
				24EA40BF27ED245F009009FA /* OnboardingPageViewController.swift */,
			);
			path = Onboarding;
			sourceTree = "<group>";
		};
		24EA40C327ED89A4009009FA /* Utility */ = {
			isa = PBXGroup;
			children = (
				24EA40C627ED957C009009FA /* UIViewController+Utils.swift */,
				24EA40D927EDD028009009FA /* Decimal+Utils.swift */,
				24EA410E27EED633009009FA /* UITextField+SecureToggle.swift */,
				24EA40C427ED89BF009009FA /* LocalState.swift */,
				24EA40D727EDCAA9009009FA /* CurrencyFormatter.swift */,
				24EA410C27EED46C009009FA /* NSNotificationName.swift */,
			);
			path = Utility;
			sourceTree = "<group>";
		};
		24EA40CC27EDA5EC009009FA /* AccountSummary */ = {
			isa = PBXGroup;
			children = (
				24EA40CD27EDA636009009FA /* AccountSummaryViewController.swift */,
				24EA40D327EDBA1D009009FA /* Header */,
				24EA40D427EDBA35009009FA /* Cell */,
			);
			path = AccountSummary;
			sourceTree = "<group>";
		};
		24EA40D327EDBA1D009009FA /* Header */ = {
			isa = PBXGroup;
			children = (
				24EA40CF27EDA8E5009009FA /* AccountSummaryHeaderView.swift */,
				24EA40D127EDA8F2009009FA /* AccountSummaryHeaderView.xib */,
			);
			path = Header;
			sourceTree = "<group>";
		};
		24EA40D427EDBA35009009FA /* Cell */ = {
			isa = PBXGroup;
			children = (
				24EA40D527EDBA6B009009FA /* AccountSummaryCell.swift */,
			);
			path = Cell;
			sourceTree = "<group>";
		};
		24EA410227EEC53E009009FA /* BankeyUnitTests */ = {
			isa = PBXGroup;
			children = (
				24EA410A27EEC559009009FA /* CurrencyFormatterTests.swift */,
			);
			path = BankeyUnitTests;
			sourceTree = "<group>";
		};
/* End PBXGroup section */

/* Begin PBXNativeTarget section */
		24EA409F27EC2EF3009009FA /* Bankey */ = {
			isa = PBXNativeTarget;
			buildConfigurationList = 24EA40B427EC2EFA009009FA /* Build configuration list for PBXNativeTarget "Bankey" */;
			buildPhases = (
				24EA409C27EC2EF3009009FA /* Sources */,
				24EA409D27EC2EF3009009FA /* Frameworks */,
				24EA409E27EC2EF3009009FA /* Resources */,
			);
			buildRules = (
			);
			dependencies = (
			);
			name = Bankey;
			productName = Bankey;
			productReference = 24EA40A027EC2EF3009009FA /* Bankey.app */;
			productType = "com.apple.product-type.application";
		};
		24EA410027EEC53E009009FA /* BankeyUnitTests */ = {
			isa = PBXNativeTarget;
			buildConfigurationList = 24EA410927EEC53E009009FA /* Build configuration list for PBXNativeTarget "BankeyUnitTests" */;
			buildPhases = (
				24EA40FD27EEC53E009009FA /* Sources */,
				24EA40FE27EEC53E009009FA /* Frameworks */,
				24EA40FF27EEC53E009009FA /* Resources */,
			);
			buildRules = (
			);
			dependencies = (
				24EA410627EEC53E009009FA /* PBXTargetDependency */,
			);
			name = BankeyUnitTests;
			productName = BankeyUnitTests;
			productReference = 24EA410127EEC53E009009FA /* BankeyUnitTests.xctest */;
			productType = "com.apple.product-type.bundle.unit-test";
		};
/* End PBXNativeTarget section */

/* Begin PBXProject section */
		24EA409827EC2EF2009009FA /* Project object */ = {
			isa = PBXProject;
			attributes = {
				BuildIndependentTargetsInParallel = 1;
				LastSwiftUpdateCheck = 1330;
				LastUpgradeCheck = 1330;
				TargetAttributes = {
					24EA409F27EC2EF3009009FA = {
						CreatedOnToolsVersion = 13.3;
					};
					24EA410027EEC53E009009FA = {
						CreatedOnToolsVersion = 13.3;
						TestTargetID = 24EA409F27EC2EF3009009FA;
					};
				};
			};
			buildConfigurationList = 24EA409B27EC2EF2009009FA /* Build configuration list for PBXProject "Bankey" */;
			compatibilityVersion = "Xcode 13.0";
			developmentRegion = en;
			hasScannedForEncodings = 0;
			knownRegions = (
				en,
				Base,
			);
			mainGroup = 24EA409727EC2EF2009009FA;
			productRefGroup = 24EA40A127EC2EF3009009FA /* Products */;
			projectDirPath = "";
			projectRoot = "";
			targets = (
				24EA409F27EC2EF3009009FA /* Bankey */,
				24EA410027EEC53E009009FA /* BankeyUnitTests */,
			);
		};
/* End PBXProject section */

/* Begin PBXResourcesBuildPhase section */
		24EA409E27EC2EF3009009FA /* Resources */ = {
			isa = PBXResourcesBuildPhase;
			buildActionMask = 2147483647;
			files = (
				24EA40D227EDA8F3009009FA /* AccountSummaryHeaderView.xib in Resources */,
				24EA40B027EC2EFA009009FA /* LaunchScreen.storyboard in Resources */,
				24EA40AD27EC2EFA009009FA /* Assets.xcassets in Resources */,
			);
			runOnlyForDeploymentPostprocessing = 0;
		};
		24EA40FF27EEC53E009009FA /* Resources */ = {
			isa = PBXResourcesBuildPhase;
			buildActionMask = 2147483647;
			files = (
			);
			runOnlyForDeploymentPostprocessing = 0;
		};
/* End PBXResourcesBuildPhase section */

/* Begin PBXSourcesBuildPhase section */
		24EA409C27EC2EF3009009FA /* Sources */ = {
			isa = PBXSourcesBuildPhase;
			buildActionMask = 2147483647;
			files = (
				24EA40C727ED957D009009FA /* UIViewController+Utils.swift in Sources */,
				24EA40C027ED245F009009FA /* OnboardingPageViewController.swift in Sources */,
				24EA40C527ED89BF009009FA /* LocalState.swift in Sources */,
				24EA40D027EDA8E5009009FA /* AccountSummaryHeaderView.swift in Sources */,
				24EA410F27EED633009009FA /* UITextField+SecureToggle.swift in Sources */,
				24EA40C227ED741A009009FA /* DummyViewController.swift in Sources */,
				24EA40BA27EC328F009009FA /* LoginView.swift in Sources */,
				24EA40D827EDCAA9009009FA /* CurrencyFormatter.swift in Sources */,
				24EA410D27EED46C009009FA /* NSNotificationName.swift in Sources */,
				24EA40D627EDBA6B009009FA /* AccountSummaryCell.swift in Sources */,
				24EA40A827EC2EF3009009FA /* LoginViewController.swift in Sources */,
				24EA40CB27ED975E009009FA /* MainViewController.swift in Sources */,
				24EA40CE27EDA636009009FA /* AccountSummaryViewController.swift in Sources */,
				24EA40DA27EDD028009009FA /* Decimal+Utils.swift in Sources */,
				24EA40A427EC2EF3009009FA /* AppDelegate.swift in Sources */,
				24EA40BE27ED1A61009009FA /* OnboardingViewController.swift in Sources */,
			);
			runOnlyForDeploymentPostprocessing = 0;
		};
		24EA40FD27EEC53E009009FA /* Sources */ = {
			isa = PBXSourcesBuildPhase;
			buildActionMask = 2147483647;
			files = (
				24EA410B27EEC559009009FA /* CurrencyFormatterTests.swift in Sources */,
			);
			runOnlyForDeploymentPostprocessing = 0;
		};
/* End PBXSourcesBuildPhase section */

/* Begin PBXTargetDependency section */
		24EA410627EEC53E009009FA /* PBXTargetDependency */ = {
			isa = PBXTargetDependency;
			target = 24EA409F27EC2EF3009009FA /* Bankey */;
			targetProxy = 24EA410527EEC53E009009FA /* PBXContainerItemProxy */;
		};
/* End PBXTargetDependency section */

/* Begin PBXVariantGroup section */
		24EA40AE27EC2EFA009009FA /* LaunchScreen.storyboard */ = {
			isa = PBXVariantGroup;
			children = (
				24EA40AF27EC2EFA009009FA /* Base */,
			);
			name = LaunchScreen.storyboard;
			sourceTree = "<group>";
		};
/* End PBXVariantGroup section */

/* Begin XCBuildConfiguration section */
		24EA40B227EC2EFA009009FA /* Debug */ = {
			isa = XCBuildConfiguration;
			buildSettings = {
				ALWAYS_SEARCH_USER_PATHS = NO;
				CLANG_ANALYZER_NONNULL = YES;
				CLANG_ANALYZER_NUMBER_OBJECT_CONVERSION = YES_AGGRESSIVE;
				CLANG_CXX_LANGUAGE_STANDARD = "gnu++17";
				CLANG_ENABLE_MODULES = YES;
				CLANG_ENABLE_OBJC_ARC = YES;
				CLANG_ENABLE_OBJC_WEAK = YES;
				CLANG_WARN_BLOCK_CAPTURE_AUTORELEASING = YES;
				CLANG_WARN_BOOL_CONVERSION = YES;
				CLANG_WARN_COMMA = YES;
				CLANG_WARN_CONSTANT_CONVERSION = YES;
				CLANG_WARN_DEPRECATED_OBJC_IMPLEMENTATIONS = YES;
				CLANG_WARN_DIRECT_OBJC_ISA_USAGE = YES_ERROR;
				CLANG_WARN_DOCUMENTATION_COMMENTS = YES;
				CLANG_WARN_EMPTY_BODY = YES;
				CLANG_WARN_ENUM_CONVERSION = YES;
				CLANG_WARN_INFINITE_RECURSION = YES;
				CLANG_WARN_INT_CONVERSION = YES;
				CLANG_WARN_NON_LITERAL_NULL_CONVERSION = YES;
				CLANG_WARN_OBJC_IMPLICIT_RETAIN_SELF = YES;
				CLANG_WARN_OBJC_LITERAL_CONVERSION = YES;
				CLANG_WARN_OBJC_ROOT_CLASS = YES_ERROR;
				CLANG_WARN_QUOTED_INCLUDE_IN_FRAMEWORK_HEADER = YES;
				CLANG_WARN_RANGE_LOOP_ANALYSIS = YES;
				CLANG_WARN_STRICT_PROTOTYPES = YES;
				CLANG_WARN_SUSPICIOUS_MOVE = YES;
				CLANG_WARN_UNGUARDED_AVAILABILITY = YES_AGGRESSIVE;
				CLANG_WARN_UNREACHABLE_CODE = YES;
				CLANG_WARN__DUPLICATE_METHOD_MATCH = YES;
				COPY_PHASE_STRIP = NO;
				DEBUG_INFORMATION_FORMAT = dwarf;
				ENABLE_STRICT_OBJC_MSGSEND = YES;
				ENABLE_TESTABILITY = YES;
				GCC_C_LANGUAGE_STANDARD = gnu11;
				GCC_DYNAMIC_NO_PIC = NO;
				GCC_NO_COMMON_BLOCKS = YES;
				GCC_OPTIMIZATION_LEVEL = 0;
				GCC_PREPROCESSOR_DEFINITIONS = (
					"DEBUG=1",
					"$(inherited)",
				);
				GCC_WARN_64_TO_32_BIT_CONVERSION = YES;
				GCC_WARN_ABOUT_RETURN_TYPE = YES_ERROR;
				GCC_WARN_UNDECLARED_SELECTOR = YES;
				GCC_WARN_UNINITIALIZED_AUTOS = YES_AGGRESSIVE;
				GCC_WARN_UNUSED_FUNCTION = YES;
				GCC_WARN_UNUSED_VARIABLE = YES;
				IPHONEOS_DEPLOYMENT_TARGET = 15.4;
				MTL_ENABLE_DEBUG_INFO = INCLUDE_SOURCE;
				MTL_FAST_MATH = YES;
				ONLY_ACTIVE_ARCH = YES;
				SDKROOT = iphoneos;
				SWIFT_ACTIVE_COMPILATION_CONDITIONS = DEBUG;
				SWIFT_OPTIMIZATION_LEVEL = "-Onone";
			};
			name = Debug;
		};
		24EA40B327EC2EFA009009FA /* Release */ = {
			isa = XCBuildConfiguration;
			buildSettings = {
				ALWAYS_SEARCH_USER_PATHS = NO;
				CLANG_ANALYZER_NONNULL = YES;
				CLANG_ANALYZER_NUMBER_OBJECT_CONVERSION = YES_AGGRESSIVE;
				CLANG_CXX_LANGUAGE_STANDARD = "gnu++17";
				CLANG_ENABLE_MODULES = YES;
				CLANG_ENABLE_OBJC_ARC = YES;
				CLANG_ENABLE_OBJC_WEAK = YES;
				CLANG_WARN_BLOCK_CAPTURE_AUTORELEASING = YES;
				CLANG_WARN_BOOL_CONVERSION = YES;
				CLANG_WARN_COMMA = YES;
				CLANG_WARN_CONSTANT_CONVERSION = YES;
				CLANG_WARN_DEPRECATED_OBJC_IMPLEMENTATIONS = YES;
				CLANG_WARN_DIRECT_OBJC_ISA_USAGE = YES_ERROR;
				CLANG_WARN_DOCUMENTATION_COMMENTS = YES;
				CLANG_WARN_EMPTY_BODY = YES;
				CLANG_WARN_ENUM_CONVERSION = YES;
				CLANG_WARN_INFINITE_RECURSION = YES;
				CLANG_WARN_INT_CONVERSION = YES;
				CLANG_WARN_NON_LITERAL_NULL_CONVERSION = YES;
				CLANG_WARN_OBJC_IMPLICIT_RETAIN_SELF = YES;
				CLANG_WARN_OBJC_LITERAL_CONVERSION = YES;
				CLANG_WARN_OBJC_ROOT_CLASS = YES_ERROR;
				CLANG_WARN_QUOTED_INCLUDE_IN_FRAMEWORK_HEADER = YES;
				CLANG_WARN_RANGE_LOOP_ANALYSIS = YES;
				CLANG_WARN_STRICT_PROTOTYPES = YES;
				CLANG_WARN_SUSPICIOUS_MOVE = YES;
				CLANG_WARN_UNGUARDED_AVAILABILITY = YES_AGGRESSIVE;
				CLANG_WARN_UNREACHABLE_CODE = YES;
				CLANG_WARN__DUPLICATE_METHOD_MATCH = YES;
				COPY_PHASE_STRIP = NO;
				DEBUG_INFORMATION_FORMAT = "dwarf-with-dsym";
				ENABLE_NS_ASSERTIONS = NO;
				ENABLE_STRICT_OBJC_MSGSEND = YES;
				GCC_C_LANGUAGE_STANDARD = gnu11;
				GCC_NO_COMMON_BLOCKS = YES;
				GCC_WARN_64_TO_32_BIT_CONVERSION = YES;
				GCC_WARN_ABOUT_RETURN_TYPE = YES_ERROR;
				GCC_WARN_UNDECLARED_SELECTOR = YES;
				GCC_WARN_UNINITIALIZED_AUTOS = YES_AGGRESSIVE;
				GCC_WARN_UNUSED_FUNCTION = YES;
				GCC_WARN_UNUSED_VARIABLE = YES;
				IPHONEOS_DEPLOYMENT_TARGET = 15.4;
				MTL_ENABLE_DEBUG_INFO = NO;
				MTL_FAST_MATH = YES;
				SDKROOT = iphoneos;
				SWIFT_COMPILATION_MODE = wholemodule;
				SWIFT_OPTIMIZATION_LEVEL = "-O";
				VALIDATE_PRODUCT = YES;
			};
			name = Release;
		};
		24EA40B527EC2EFA009009FA /* Debug */ = {
			isa = XCBuildConfiguration;
			buildSettings = {
				ASSETCATALOG_COMPILER_APPICON_NAME = AppIcon;
				ASSETCATALOG_COMPILER_GLOBAL_ACCENT_COLOR_NAME = AccentColor;
				CODE_SIGN_STYLE = Automatic;
				CURRENT_PROJECT_VERSION = 1;
				DEVELOPMENT_TEAM = PP55FS799T;
				GENERATE_INFOPLIST_FILE = YES;
				INFOPLIST_FILE = Bankey/Info.plist;
				INFOPLIST_KEY_UIApplicationSupportsIndirectInputEvents = YES;
				INFOPLIST_KEY_UILaunchStoryboardName = LaunchScreen;
				INFOPLIST_KEY_UISupportedInterfaceOrientations_iPad = "UIInterfaceOrientationPortrait UIInterfaceOrientationPortraitUpsideDown UIInterfaceOrientationLandscapeLeft UIInterfaceOrientationLandscapeRight";
				INFOPLIST_KEY_UISupportedInterfaceOrientations_iPhone = "UIInterfaceOrientationPortrait UIInterfaceOrientationLandscapeLeft UIInterfaceOrientationLandscapeRight";
				LD_RUNPATH_SEARCH_PATHS = (
					"$(inherited)",
					"@executable_path/Frameworks",
				);
				MARKETING_VERSION = 1.0;
				PRODUCT_BUNDLE_IDENTIFIER = com.moralesmicaella.Bankey;
				PRODUCT_NAME = "$(TARGET_NAME)";
				SWIFT_EMIT_LOC_STRINGS = YES;
				SWIFT_VERSION = 5.0;
				TARGETED_DEVICE_FAMILY = "1,2";
			};
			name = Debug;
		};
		24EA40B627EC2EFA009009FA /* Release */ = {
			isa = XCBuildConfiguration;
			buildSettings = {
				ASSETCATALOG_COMPILER_APPICON_NAME = AppIcon;
				ASSETCATALOG_COMPILER_GLOBAL_ACCENT_COLOR_NAME = AccentColor;
				CODE_SIGN_STYLE = Automatic;
				CURRENT_PROJECT_VERSION = 1;
				DEVELOPMENT_TEAM = PP55FS799T;
				GENERATE_INFOPLIST_FILE = YES;
				INFOPLIST_FILE = Bankey/Info.plist;
				INFOPLIST_KEY_UIApplicationSupportsIndirectInputEvents = YES;
				INFOPLIST_KEY_UILaunchStoryboardName = LaunchScreen;
				INFOPLIST_KEY_UISupportedInterfaceOrientations_iPad = "UIInterfaceOrientationPortrait UIInterfaceOrientationPortraitUpsideDown UIInterfaceOrientationLandscapeLeft UIInterfaceOrientationLandscapeRight";
				INFOPLIST_KEY_UISupportedInterfaceOrientations_iPhone = "UIInterfaceOrientationPortrait UIInterfaceOrientationLandscapeLeft UIInterfaceOrientationLandscapeRight";
				LD_RUNPATH_SEARCH_PATHS = (
					"$(inherited)",
					"@executable_path/Frameworks",
				);
				MARKETING_VERSION = 1.0;
				PRODUCT_BUNDLE_IDENTIFIER = com.moralesmicaella.Bankey;
				PRODUCT_NAME = "$(TARGET_NAME)";
				SWIFT_EMIT_LOC_STRINGS = YES;
				SWIFT_VERSION = 5.0;
				TARGETED_DEVICE_FAMILY = "1,2";
			};
			name = Release;
		};
		24EA410727EEC53E009009FA /* Debug */ = {
			isa = XCBuildConfiguration;
			buildSettings = {
				BUNDLE_LOADER = "$(TEST_HOST)";
				CODE_SIGN_STYLE = Automatic;
				CURRENT_PROJECT_VERSION = 1;
				DEVELOPMENT_TEAM = PP55FS799T;
				GENERATE_INFOPLIST_FILE = YES;
				MARKETING_VERSION = 1.0;
				PRODUCT_BUNDLE_IDENTIFIER = com.moralesmicaella.BankeyUnitTests;
				PRODUCT_NAME = "$(TARGET_NAME)";
				SWIFT_EMIT_LOC_STRINGS = NO;
				SWIFT_VERSION = 5.0;
				TARGETED_DEVICE_FAMILY = "1,2";
				TEST_HOST = "$(BUILT_PRODUCTS_DIR)/Bankey.app/Bankey";
			};
			name = Debug;
		};
		24EA410827EEC53E009009FA /* Release */ = {
			isa = XCBuildConfiguration;
			buildSettings = {
				BUNDLE_LOADER = "$(TEST_HOST)";
				CODE_SIGN_STYLE = Automatic;
				CURRENT_PROJECT_VERSION = 1;
				DEVELOPMENT_TEAM = PP55FS799T;
				GENERATE_INFOPLIST_FILE = YES;
				MARKETING_VERSION = 1.0;
				PRODUCT_BUNDLE_IDENTIFIER = com.moralesmicaella.BankeyUnitTests;
				PRODUCT_NAME = "$(TARGET_NAME)";
				SWIFT_EMIT_LOC_STRINGS = NO;
				SWIFT_VERSION = 5.0;
				TARGETED_DEVICE_FAMILY = "1,2";
				TEST_HOST = "$(BUILT_PRODUCTS_DIR)/Bankey.app/Bankey";
			};
			name = Release;
		};
/* End XCBuildConfiguration section */

/* Begin XCConfigurationList section */
		24EA409B27EC2EF2009009FA /* Build configuration list for PBXProject "Bankey" */ = {
			isa = XCConfigurationList;
			buildConfigurations = (
				24EA40B227EC2EFA009009FA /* Debug */,
				24EA40B327EC2EFA009009FA /* Release */,
			);
			defaultConfigurationIsVisible = 0;
			defaultConfigurationName = Release;
		};
		24EA40B427EC2EFA009009FA /* Build configuration list for PBXNativeTarget "Bankey" */ = {
			isa = XCConfigurationList;
			buildConfigurations = (
				24EA40B527EC2EFA009009FA /* Debug */,
				24EA40B627EC2EFA009009FA /* Release */,
			);
			defaultConfigurationIsVisible = 0;
			defaultConfigurationName = Release;
		};
		24EA410927EEC53E009009FA /* Build configuration list for PBXNativeTarget "BankeyUnitTests" */ = {
			isa = XCConfigurationList;
			buildConfigurations = (
				24EA410727EEC53E009009FA /* Debug */,
				24EA410827EEC53E009009FA /* Release */,
			);
			defaultConfigurationIsVisible = 0;
			defaultConfigurationName = Release;
		};
/* End XCConfigurationList section */
	};
	rootObject = 24EA409827EC2EF2009009FA /* Project object */;
}
